
Microsoft Visual Studio Solution File, Format Version 12.00
# Visual Studio 15
VisualStudioVersion = 15.0.28010.2046
MinimumVisualStudioVersion = 10.0.40219.1
Project("{FAE04EC0-301F-11D3-BF4B-00C04F79EFBC}") = "SpecklePopup", "SpecklePopup.csproj", "{D65594C8-EA2E-46CA-A756-B1634EDC3AE3}"
EndProject
Global
	GlobalSection(SolutionConfigurationPlatforms) = preSolution
		Debug|Any CPU = Debug|Any CPU
		DebugRevit|Any CPU = DebugRevit|Any CPU
		Release|Any CPU = Release|Any CPU
	EndGlobalSection
	GlobalSection(ProjectConfigurationPlatforms) = postSolution
		{D65594C8-EA2E-46CA-A756-B1634EDC3AE3}.Debug|Any CPU.ActiveCfg = Debug|Any CPU
		{D65594C8-EA2E-46CA-A756-B1634EDC3AE3}.Debug|Any CPU.Build.0 = Debug|Any CPU
		{D65594C8-EA2E-46CA-A756-B1634EDC3AE3}.DebugRevit|Any CPU.ActiveCfg = DebugRevit|Any CPU
		{D65594C8-EA2E-46CA-A756-B1634EDC3AE3}.DebugRevit|Any CPU.Build.0 = DebugRevit|Any CPU
		{D65594C8-EA2E-46CA-A756-B1634EDC3AE3}.Release|Any CPU.ActiveCfg = Release|Any CPU
		{D65594C8-EA2E-46CA-A756-B1634EDC3AE3}.Release|Any CPU.Build.0 = Release|Any CPU
	EndGlobalSection
	GlobalSection(SolutionProperties) = preSolution
		HideSolutionNode = FALSE
	EndGlobalSection
	GlobalSection(ExtensibilityGlobals) = postSolution
		SolutionGuid = {5B86410D-3446-46A0-911B-B850F6B34590}
	EndGlobalSection
EndGlobal
